
Microsoft Visual Studio Solution File, Format Version 12.00
# Visual Studio Version 17
VisualStudioVersion = 17.8.34525.116
MinimumVisualStudioVersion = 10.0.40219.1
Project("{FAE04EC0-301F-11D3-BF4B-00C04F79EFBC}") = "HotelReservationsManager", "HotelReservationsManager\HotelReservationsManager.csproj", "{1AB18648-BD56-476B-AFF4-799B1C723E66}"
EndProject
Global
	GlobalSection(SolutionConfigurationPlatforms) = preSolution
		Debug|Any CPU = Debug|Any CPU
		Release|Any CPU = Release|Any CPU
	EndGlobalSection
	GlobalSection(ProjectConfigurationPlatforms) = postSolution
		{1AB18648-BD56-476B-AFF4-799B1C723E66}.Debug|Any CPU.ActiveCfg = Debug|Any CPU
		{1AB18648-BD56-476B-AFF4-799B1C723E66}.Debug|Any CPU.Build.0 = Debug|Any CPU
		{1AB18648-BD56-476B-AFF4-799B1C723E66}.Release|Any CPU.ActiveCfg = Release|Any CPU
		{1AB18648-BD56-476B-AFF4-799B1C723E66}.Release|Any CPU.Build.0 = Release|Any CPU
	EndGlobalSection
	GlobalSection(SolutionProperties) = preSolution
		HideSolutionNode = FALSE
	EndGlobalSection
	GlobalSection(ExtensibilityGlobals) = postSolution
		SolutionGuid = {80AA3E0F-E810-4D2B-A1BF-24F9A84C33A5}
	EndGlobalSection
EndGlobal
